<?xml version="1.0" encoding="utf-8"?>
<Project ToolsVersion="4.0" xmlns="http://schemas.microsoft.com/developer/msbuild/2003">
  <ItemGroup>
    <Filter Include="Source Files">
      <UniqueIdentifier>{4FC737F1-C7A5-4376-A066-2A32D752A2FF}</UniqueIdentifier>
      <Extensions>cpp;c;cc;cxx;c++;cppm;ixx;def;odl;idl;hpj;bat;asm;asmx</Extensions>
    </Filter>
    <Filter Include="Header Files">
      <UniqueIdentifier>{93995380-89BD-4b04-88EB-625FBE52EBFB}</UniqueIdentifier>
      <Extensions>h;hh;hpp;hxx;h++;hm;inl;inc;ipp;xsd</Extensions>
    </Filter>
    <Filter Include="Resource Files">
      <UniqueIdentifier>{67DA6AB6-F800-4c08-8B7A-83BB121AAD01}</UniqueIdentifier>
      <Extensions>rc;ico;cur;bmp;dlg;rc2;rct;bin;rgs;gif;jpg;jpeg;jpe;resx;tiff;tif;png;wav;mfcribbon-ms</Extensions>
    </Filter>
    <Filter Include="Source Files\Character">
      <UniqueIdentifier>{58bf0bb3-d1ef-4607-aeed-b2552ecf4d96}</UniqueIdentifier>
    </Filter>
    <Filter Include="Header Files\Character">
      <UniqueIdentifier>{71746347-65b7-4972-81fd-003847480f74}</UniqueIdentifier>
    </Filter>
    <Filter Include="Header Files\Character\Player">
      <UniqueIdentifier>{b465a7ce-2882-41e1-b6d6-fccdc250608f}</UniqueIdentifier>
    </Filter>
    <Filter Include="Source Files\Character\Player">
      <UniqueIdentifier>{788eb333-697c-48ff-949f-23b0cf154b31}</UniqueIdentifier>
    </Filter>
    <Filter Include="Source Files\Character\Enemy">
      <UniqueIdentifier>{bc2c50be-b533-443f-807a-042e3e50a61e}</UniqueIdentifier>
    </Filter>
    <Filter Include="Header Files\Character\Enemy">
      <UniqueIdentifier>{28ec0d11-7ebe-4c75-b111-3d1916dee7a1}</UniqueIdentifier>
    </Filter>
  </ItemGroup>
  <ItemGroup>
    <ClCompile Include="Main.cpp">
      <Filter>Source Files</Filter>
    </ClCompile>
    <ClCompile Include="Source\Charactes\Warrior\Warrior.cpp">
      <Filter>Source Files\Character\Player</Filter>
    </ClCompile>
    <ClCompile Include="Source\Charactes\Enemies\Enemy.cpp">
      <Filter>Source Files\Character\Enemy</Filter>
    </ClCompile>
    <ClCompile Include="Source\Game\Level\LevelManager.cpp">
      <Filter>Source Files</Filter>
    </ClCompile>
    <ClCompile Include="Header\Game\Level\LevelStatus.h">
      <Filter>Source Files</Filter>
    </ClCompile>
    <ClCompile Include="Source\Game\GameManager.cpp">
      <Filter>Source Files</Filter>
    </ClCompile>
    <ClCompile Include="Source\Charactes\Enemies\WinterBear.cpp">
      <Filter>Source Files</Filter>
    </ClCompile>
  </ItemGroup>
  <ItemGroup>
    <ClInclude Include="Header\Character\Warrior\Warrior.h">
      <Filter>Header Files\Character\Player</Filter>
    </ClInclude>
    <ClInclude Include="Header\Character\Enemies\Enemy.h">
      <Filter>Header Files\Character\Enemy</Filter>
    </ClInclude>
    <ClInclude Include="Header\Game\Level\LevelManager.h">
      <Filter>Header Files</Filter>
    </ClInclude>
    <ClInclude Include="Header\Game\Level\GameLevel.h">
      <Filter>Header Files</Filter>
    </ClInclude>
    <ClInclude Include="Header\Game\GameManager.h">
      <Filter>Header Files</Filter>
    </ClInclude>
    <ClInclude Include="Header\Game\GameStatus.h">
      <Filter>Header Files</Filter>
    </ClInclude>
    <ClInclude Include="Header\Character\Enemies\WinterBear.h">
      <Filter>Header Files</Filter>
    </ClInclude>
  </ItemGroup>
</Project>